// !$*UTF8*$!
{
	archiveVersion = 1;
	classes = {
	};
	objectVersion = 50;
	objects = {

/* Begin PBXBuildFile section */
		0CEEC2272215634500FB6B2D /* PhotoView.swift in Sources */ = {isa = PBXBuildFile; fileRef = 0CEEC2262215634500FB6B2D /* PhotoView.swift */; };
		2D2BBC4921E1EE79005933A0 /* AppDelegate.swift in Sources */ = {isa = PBXBuildFile; fileRef = 2D2BBC4821E1EE79005933A0 /* AppDelegate.swift */; };
		2D2BBC4B21E1EE79005933A0 /* ViewController.swift in Sources */ = {isa = PBXBuildFile; fileRef = 2D2BBC4A21E1EE79005933A0 /* ViewController.swift */; };
		2D2BBC4E21E1EE79005933A0 /* Main.storyboard in Resources */ = {isa = PBXBuildFile; fileRef = 2D2BBC4C21E1EE79005933A0 /* Main.storyboard */; };
		2D2BBC5021E1EE7A005933A0 /* Assets.xcassets in Resources */ = {isa = PBXBuildFile; fileRef = 2D2BBC4F21E1EE7A005933A0 /* Assets.xcassets */; };
		2D2BBC5321E1EE7A005933A0 /* LaunchScreen.storyboard in Resources */ = {isa = PBXBuildFile; fileRef = 2D2BBC5121E1EE7A005933A0 /* LaunchScreen.storyboard */; };
		2D2BBC5E21E1EFF7005933A0 /* ThirstySoftRegular.otf in Resources */ = {isa = PBXBuildFile; fileRef = 2D2BBC5D21E1EFF7005933A0 /* ThirstySoftRegular.otf */; };
		2D2BBC6021E1F001005933A0 /* Delm-Medium.otf in Resources */ = {isa = PBXBuildFile; fileRef = 2D2BBC5F21E1F001005933A0 /* Delm-Medium.otf */; };
/* End PBXBuildFile section */

/* Begin PBXFileReference section */
		0CEEC2262215634500FB6B2D /* PhotoView.swift */ = {isa = PBXFileReference; lastKnownFileType = sourcecode.swift; path = PhotoView.swift; sourceTree = "<group>"; };
		2D2BBC4521E1EE79005933A0 /* INSTAGRIDFC.app */ = {isa = PBXFileReference; explicitFileType = wrapper.application; includeInIndex = 0; path = INSTAGRIDFC.app; sourceTree = BUILT_PRODUCTS_DIR; };
		2D2BBC4821E1EE79005933A0 /* AppDelegate.swift */ = {isa = PBXFileReference; lastKnownFileType = sourcecode.swift; path = AppDelegate.swift; sourceTree = "<group>"; };
		2D2BBC4A21E1EE79005933A0 /* ViewController.swift */ = {isa = PBXFileReference; lastKnownFileType = sourcecode.swift; path = ViewController.swift; sourceTree = "<group>"; };
		2D2BBC4D21E1EE79005933A0 /* Base */ = {isa = PBXFileReference; lastKnownFileType = file.storyboard; name = Base; path = Base.lproj/Main.storyboard; sourceTree = "<group>"; };
		2D2BBC4F21E1EE7A005933A0 /* Assets.xcassets */ = {isa = PBXFileReference; lastKnownFileType = folder.assetcatalog; path = Assets.xcassets; sourceTree = "<group>"; };
		2D2BBC5221E1EE7A005933A0 /* Base */ = {isa = PBXFileReference; lastKnownFileType = file.storyboard; name = Base; path = Base.lproj/LaunchScreen.storyboard; sourceTree = "<group>"; };
		2D2BBC5421E1EE7A005933A0 /* Info.plist */ = {isa = PBXFileReference; lastKnownFileType = text.plist.xml; path = Info.plist; sourceTree = "<group>"; };
		2D2BBC5D21E1EFF7005933A0 /* ThirstySoftRegular.otf */ = {isa = PBXFileReference; lastKnownFileType = file; path = ThirstySoftRegular.otf; sourceTree = "<group>"; };
		2D2BBC5F21E1F001005933A0 /* Delm-Medium.otf */ = {isa = PBXFileReference; lastKnownFileType = file; path = "Delm-Medium.otf"; sourceTree = "<group>"; };
/* End PBXFileReference section */

/* Begin PBXFrameworksBuildPhase section */
		2D2BBC4221E1EE79005933A0 /* Frameworks */ = {
			isa = PBXFrameworksBuildPhase;
			buildActionMask = 2147483647;
			files = (
			);
			runOnlyForDeploymentPostprocessing = 0;
		};
/* End PBXFrameworksBuildPhase section */

/* Begin PBXGroup section */
		2D2BBC3C21E1EE79005933A0 = {
			isa = PBXGroup;
			children = (
				2D2BBC4721E1EE79005933A0 /* INSTAGRIDFC */,
				2D2BBC4621E1EE79005933A0 /* Products */,
			);
			sourceTree = "<group>";
		};
		2D2BBC4621E1EE79005933A0 /* Products */ = {
			isa = PBXGroup;
			children = (
				2D2BBC4521E1EE79005933A0 /* INSTAGRIDFC.app */,
			);
			name = Products;
			sourceTree = "<group>";
		};
		2D2BBC4721E1EE79005933A0 /* INSTAGRIDFC */ = {
			isa = PBXGroup;
			children = (
				2D2BBC5C21E1EE9E005933A0 /* MODEL */,
				2D2BBC5B21E1EE95005933A0 /* VIEW */,
				2D2BBC5A21E1EE88005933A0 /* CONTROLLER */,
				2D2BBC4F21E1EE7A005933A0 /* Assets.xcassets */,
				2D2BBC5D21E1EFF7005933A0 /* ThirstySoftRegular.otf */,
				2D2BBC5F21E1F001005933A0 /* Delm-Medium.otf */,
				2D2BBC5421E1EE7A005933A0 /* Info.plist */,
			);
			path = INSTAGRIDFC;
			sourceTree = "<group>";
		};
		2D2BBC5A21E1EE88005933A0 /* CONTROLLER */ = {
			isa = PBXGroup;
			children = (
				2D2BBC4A21E1EE79005933A0 /* ViewController.swift */,
			);
			path = CONTROLLER;
			sourceTree = "<group>";
		};
		2D2BBC5B21E1EE95005933A0 /* VIEW */ = {
			isa = PBXGroup;
			children = (
				2D2BBC5121E1EE7A005933A0 /* LaunchScreen.storyboard */,
				2D2BBC4C21E1EE79005933A0 /* Main.storyboard */,
				0CEEC2262215634500FB6B2D /* PhotoView.swift */,
			);
			path = VIEW;
			sourceTree = "<group>";
		};
		2D2BBC5C21E1EE9E005933A0 /* MODEL */ = {
			isa = PBXGroup;
			children = (
				2D2BBC4821E1EE79005933A0 /* AppDelegate.swift */,
			);
			path = MODEL;
			sourceTree = "<group>";
		};
/* End PBXGroup section */

/* Begin PBXNativeTarget section */
		2D2BBC4421E1EE79005933A0 /* INSTAGRIDFC */ = {
			isa = PBXNativeTarget;
			buildConfigurationList = 2D2BBC5721E1EE7A005933A0 /* Build configuration list for PBXNativeTarget "INSTAGRIDFC" */;
			buildPhases = (
				2D2BBC4121E1EE79005933A0 /* Sources */,
				2D2BBC4221E1EE79005933A0 /* Frameworks */,
				2D2BBC4321E1EE79005933A0 /* Resources */,
			);
			buildRules = (
			);
			dependencies = (
			);
			name = INSTAGRIDFC;
			productName = INSTAGRIDFC;
			productReference = 2D2BBC4521E1EE79005933A0 /* INSTAGRIDFC.app */;
			productType = "com.apple.product-type.application";
		};
/* End PBXNativeTarget section */

/* Begin PBXProject section */
		2D2BBC3D21E1EE79005933A0 /* Project object */ = {
			isa = PBXProject;
			attributes = {
				LastSwiftUpdateCheck = 1010;
				LastUpgradeCheck = 1010;
				ORGANIZATIONNAME = Fabrice;
				TargetAttributes = {
					2D2BBC4421E1EE79005933A0 = {
						CreatedOnToolsVersion = 10.1;
					};
				};
			};
			buildConfigurationList = 2D2BBC4021E1EE79005933A0 /* Build configuration list for PBXProject "INSTAGRIDFC" */;
			compatibilityVersion = "Xcode 9.3";
			developmentRegion = en;
			hasScannedForEncodings = 0;
			knownRegions = (
				en,
				Base,
			);
			mainGroup = 2D2BBC3C21E1EE79005933A0;
			productRefGroup = 2D2BBC4621E1EE79005933A0 /* Products */;
			projectDirPath = "";
			projectRoot = "";
			targets = (
				2D2BBC4421E1EE79005933A0 /* INSTAGRIDFC */,
			);
		};
/* End PBXProject section */

/* Begin PBXResourcesBuildPhase section */
		2D2BBC4321E1EE79005933A0 /* Resources */ = {
			isa = PBXResourcesBuildPhase;
			buildActionMask = 2147483647;
			files = (
				2D2BBC5321E1EE7A005933A0 /* LaunchScreen.storyboard in Resources */,
				2D2BBC6021E1F001005933A0 /* Delm-Medium.otf in Resources */,
				2D2BBC5021E1EE7A005933A0 /* Assets.xcassets in Resources */,
				2D2BBC5E21E1EFF7005933A0 /* ThirstySoftRegular.otf in Resources */,
				2D2BBC4E21E1EE79005933A0 /* Main.storyboard in Resources */,
			);
			runOnlyForDeploymentPostprocessing = 0;
		};
/* End PBXResourcesBuildPhase section */

/* Begin PBXSourcesBuildPhase section */
		2D2BBC4121E1EE79005933A0 /* Sources */ = {
			isa = PBXSourcesBuildPhase;
			buildActionMask = 2147483647;
			files = (
				0CEEC2272215634500FB6B2D /* PhotoView.swift in Sources */,
				2D2BBC4B21E1EE79005933A0 /* ViewController.swift in Sources */,
				2D2BBC4921E1EE79005933A0 /* AppDelegate.swift in Sources */,
			);
			runOnlyForDeploymentPostprocessing = 0;
		};
/* End PBXSourcesBuildPhase section */

/* Begin PBXVariantGroup section */
		2D2BBC4C21E1EE79005933A0 /* Main.storyboard */ = {
			isa = PBXVariantGroup;
			children = (
				2D2BBC4D21E1EE79005933A0 /* Base */,
			);
			name = Main.storyboard;
			sourceTree = "<group>";
		};
		2D2BBC5121E1EE7A005933A0 /* LaunchScreen.storyboard */ = {
			isa = PBXVariantGroup;
			children = (
				2D2BBC5221E1EE7A005933A0 /* Base */,
			);
			name = LaunchScreen.storyboard;
			sourceTree = "<group>";
		};
/* End PBXVariantGroup section */

/* Begin XCBuildConfiguration section */
		2D2BBC5521E1EE7A005933A0 /* Debug */ = {
			isa = XCBuildConfiguration;
			buildSettings = {
				ALWAYS_SEARCH_USER_PATHS = NO;
				CLANG_ANALYZER_NONNULL = YES;
				CLANG_ANALYZER_NUMBER_OBJECT_CONVERSION = YES_AGGRESSIVE;
				CLANG_CXX_LANGUAGE_STANDARD = "gnu++14";
				CLANG_CXX_LIBRARY = "libc++";
				CLANG_ENABLE_MODULES = YES;
				CLANG_ENABLE_OBJC_ARC = YES;
				CLANG_ENABLE_OBJC_WEAK = YES;
				CLANG_WARN_BLOCK_CAPTURE_AUTORELEASING = YES;
				CLANG_WARN_BOOL_CONVERSION = YES;
				CLANG_WARN_COMMA = YES;
				CLANG_WARN_CONSTANT_CONVERSION = YES;
				CLANG_WARN_DEPRECATED_OBJC_IMPLEMENTATIONS = YES;
				CLANG_WARN_DIRECT_OBJC_ISA_USAGE = YES_ERROR;
				CLANG_WARN_DOCUMENTATION_COMMENTS = YES;
				CLANG_WARN_EMPTY_BODY = YES;
				CLANG_WARN_ENUM_CONVERSION = YES;
				CLANG_WARN_INFINITE_RECURSION = YES;
				CLANG_WARN_INT_CONVERSION = YES;
				CLANG_WARN_NON_LITERAL_NULL_CONVERSION = YES;
				CLANG_WARN_OBJC_IMPLICIT_RETAIN_SELF = YES;
				CLANG_WARN_OBJC_LITERAL_CONVERSION = YES;
				CLANG_WARN_OBJC_ROOT_CLASS = YES_ERROR;
				CLANG_WARN_RANGE_LOOP_ANALYSIS = YES;
				CLANG_WARN_STRICT_PROTOTYPES = YES;
				CLANG_WARN_SUSPICIOUS_MOVE = YES;
				CLANG_WARN_UNGUARDED_AVAILABILITY = YES_AGGRESSIVE;
				CLANG_WARN_UNREACHABLE_CODE = YES;
				CLANG_WARN__DUPLICATE_METHOD_MATCH = YES;
				CODE_SIGN_IDENTITY = "iPhone Developer";
				COPY_PHASE_STRIP = NO;
				DEBUG_INFORMATION_FORMAT = dwarf;
				ENABLE_STRICT_OBJC_MSGSEND = YES;
				ENABLE_TESTABILITY = YES;
				GCC_C_LANGUAGE_STANDARD = gnu11;
				GCC_DYNAMIC_NO_PIC = NO;
				GCC_NO_COMMON_BLOCKS = YES;
				GCC_OPTIMIZATION_LEVEL = 0;
				GCC_PREPROCESSOR_DEFINITIONS = (
					"DEBUG=1",
					"$(inherited)",
				);
				GCC_WARN_64_TO_32_BIT_CONVERSION = YES;
				GCC_WARN_ABOUT_RETURN_TYPE = YES_ERROR;
				GCC_WARN_UNDECLARED_SELECTOR = YES;
				GCC_WARN_UNINITIALIZED_AUTOS = YES_AGGRESSIVE;
				GCC_WARN_UNUSED_FUNCTION = YES;
				GCC_WARN_UNUSED_VARIABLE = YES;
				IPHONEOS_DEPLOYMENT_TARGET = 12.1;
				MTL_ENABLE_DEBUG_INFO = INCLUDE_SOURCE;
				MTL_FAST_MATH = YES;
				ONLY_ACTIVE_ARCH = YES;
				SDKROOT = iphoneos;
				SWIFT_ACTIVE_COMPILATION_CONDITIONS = DEBUG;
				SWIFT_OPTIMIZATION_LEVEL = "-Onone";
			};
			name = Debug;
		};
		2D2BBC5621E1EE7A005933A0 /* Release */ = {
			isa = XCBuildConfiguration;
			buildSettings = {
				ALWAYS_SEARCH_USER_PATHS = NO;
				CLANG_ANALYZER_NONNULL = YES;
				CLANG_ANALYZER_NUMBER_OBJECT_CONVERSION = YES_AGGRESSIVE;
				CLANG_CXX_LANGUAGE_STANDARD = "gnu++14";
				CLANG_CXX_LIBRARY = "libc++";
				CLANG_ENABLE_MODULES = YES;
				CLANG_ENABLE_OBJC_ARC = YES;
				CLANG_ENABLE_OBJC_WEAK = YES;
				CLANG_WARN_BLOCK_CAPTURE_AUTORELEASING = YES;
				CLANG_WARN_BOOL_CONVERSION = YES;
				CLANG_WARN_COMMA = YES;
				CLANG_WARN_CONSTANT_CONVERSION = YES;
				CLANG_WARN_DEPRECATED_OBJC_IMPLEMENTATIONS = YES;
				CLANG_WARN_DIRECT_OBJC_ISA_USAGE = YES_ERROR;
				CLANG_WARN_DOCUMENTATION_COMMENTS = YES;
				CLANG_WARN_EMPTY_BODY = YES;
				CLANG_WARN_ENUM_CONVERSION = YES;
				CLANG_WARN_INFINITE_RECURSION = YES;
				CLANG_WARN_INT_CONVERSION = YES;
				CLANG_WARN_NON_LITERAL_NULL_CONVERSION = YES;
				CLANG_WARN_OBJC_IMPLICIT_RETAIN_SELF = YES;
				CLANG_WARN_OBJC_LITERAL_CONVERSION = YES;
				CLANG_WARN_OBJC_ROOT_CLASS = YES_ERROR;
				CLANG_WARN_RANGE_LOOP_ANALYSIS = YES;
				CLANG_WARN_STRICT_PROTOTYPES = YES;
				CLANG_WARN_SUSPICIOUS_MOVE = YES;
				CLANG_WARN_UNGUARDED_AVAILABILITY = YES_AGGRESSIVE;
				CLANG_WARN_UNREACHABLE_CODE = YES;
				CLANG_WARN__DUPLICATE_METHOD_MATCH = YES;
				CODE_SIGN_IDENTITY = "iPhone Developer";
				COPY_PHASE_STRIP = NO;
				DEBUG_INFORMATION_FORMAT = "dwarf-with-dsym";
				ENABLE_NS_ASSERTIONS = NO;
				ENABLE_STRICT_OBJC_MSGSEND = YES;
				GCC_C_LANGUAGE_STANDARD = gnu11;
				GCC_NO_COMMON_BLOCKS = YES;
				GCC_WARN_64_TO_32_BIT_CONVERSION = YES;
				GCC_WARN_ABOUT_RETURN_TYPE = YES_ERROR;
				GCC_WARN_UNDECLARED_SELECTOR = YES;
				GCC_WARN_UNINITIALIZED_AUTOS = YES_AGGRESSIVE;
				GCC_WARN_UNUSED_FUNCTION = YES;
				GCC_WARN_UNUSED_VARIABLE = YES;
				IPHONEOS_DEPLOYMENT_TARGET = 12.1;
				MTL_ENABLE_DEBUG_INFO = NO;
				MTL_FAST_MATH = YES;
				SDKROOT = iphoneos;
				SWIFT_COMPILATION_MODE = wholemodule;
				SWIFT_OPTIMIZATION_LEVEL = "-O";
				VALIDATE_PRODUCT = YES;
			};
			name = Release;
		};
		2D2BBC5821E1EE7A005933A0 /* Debug */ = {
			isa = XCBuildConfiguration;
			buildSettings = {
				ASSETCATALOG_COMPILER_APPICON_NAME = AppIcon;
				CODE_SIGN_STYLE = Automatic;
				DEVELOPMENT_TEAM = 6USCN7H2JA;
				INFOPLIST_FILE = INSTAGRIDFC/Info.plist;
				LD_RUNPATH_SEARCH_PATHS = (
					"$(inherited)",
					"@executable_path/Frameworks",
				);
				PRODUCT_BUNDLE_IDENTIFIER = com.fabriceconchou.INSTAGRIDFC;
				PRODUCT_NAME = "$(TARGET_NAME)";
				SWIFT_VERSION = 4.2;
				TARGETED_DEVICE_FAMILY = "1,2";
			};
			name = Debug;
		};
		2D2BBC5921E1EE7A005933A0 /* Release */ = {
			isa = XCBuildConfiguration;
			buildSettings = {
				ASSETCATALOG_COMPILER_APPICON_NAME = AppIcon;
				CODE_SIGN_STYLE = Automatic;
				DEVELOPMENT_TEAM = 6USCN7H2JA;
				INFOPLIST_FILE = INSTAGRIDFC/Info.plist;
				LD_RUNPATH_SEARCH_PATHS = (
					"$(inherited)",
					"@executable_path/Frameworks",
				);
				PRODUCT_BUNDLE_IDENTIFIER = com.fabriceconchou.INSTAGRIDFC;
				PRODUCT_NAME = "$(TARGET_NAME)";
				SWIFT_VERSION = 4.2;
				TARGETED_DEVICE_FAMILY = "1,2";
			};
			name = Release;
		};
/* End XCBuildConfiguration section */

/* Begin XCConfigurationList section */
		2D2BBC4021E1EE79005933A0 /* Build configuration list for PBXProject "INSTAGRIDFC" */ = {
			isa = XCConfigurationList;
			buildConfigurations = (
				2D2BBC5521E1EE7A005933A0 /* Debug */,
				2D2BBC5621E1EE7A005933A0 /* Release */,
			);
			defaultConfigurationIsVisible = 0;
			defaultConfigurationName = Release;
		};
		2D2BBC5721E1EE7A005933A0 /* Build configuration list for PBXNativeTarget "INSTAGRIDFC" */ = {
			isa = XCConfigurationList;
			buildConfigurations = (
				2D2BBC5821E1EE7A005933A0 /* Debug */,
				2D2BBC5921E1EE7A005933A0 /* Release */,
			);
			defaultConfigurationIsVisible = 0;
			defaultConfigurationName = Release;
		};
/* End XCConfigurationList section */
	};
	rootObject = 2D2BBC3D21E1EE79005933A0 /* Project object */;
}
